
Microsoft Visual Studio Solution File, Format Version 12.00
# Visual Studio Version 17
VisualStudioVersion = 17.11.35222.181
MinimumVisualStudioVersion = 10.0.40219.1
Project("{9A19103F-16F7-4668-BE54-9A1E7A4F7556}") = "RecipeApp.Web", "RecipeApp.Web\RecipeApp.Web.csproj", "{11FB3E49-4D63-47E1-A5C1-7055ADC62FB8}"
EndProject
Project("{9A19103F-16F7-4668-BE54-9A1E7A4F7556}") = "RecipeApp.Web.ViewModels", "RecipeApp.Web.ViewModels\RecipeApp.Web.ViewModels.csproj", "{23433E7C-2739-46F9-B362-D7820692DF59}"
EndProject
Project("{9A19103F-16F7-4668-BE54-9A1E7A4F7556}") = "RecipeApp.Common", "RecipeApp.Common\RecipeApp.Common.csproj", "{5367E7B5-1C56-472F-AD68-8E3FEDE04B42}"
EndProject
Project("{9A19103F-16F7-4668-BE54-9A1E7A4F7556}") = "RecipeApp.Data.Models", "RecipeApp.Data.Models\RecipeApp.Data.Models.csproj", "{37B10D8B-1AF9-4E84-90E6-B32FEBC45907}"
EndProject
Project("{2150E333-8FDC-42A3-9474-1A3956D46DE8}") = "Web", "Web", "{13518C3B-6444-4531-BD58-2A5E0552CA8D}"
EndProject
Project("{2150E333-8FDC-42A3-9474-1A3956D46DE8}") = "Data", "Data", "{020B1453-DA16-4C56-96CD-EB09432A65B3}"
EndProject
Project("{9A19103F-16F7-4668-BE54-9A1E7A4F7556}") = "RecipeApp.Data", "RecipeApp.Data\RecipeApp.Data.csproj", "{AC80D44B-560C-4BC3-993E-B034CBA49508}"
EndProject
Project("{2150E333-8FDC-42A3-9474-1A3956D46DE8}") = "Services", "Services", "{DB3B2D75-3676-4ED6-AA83-E5E101DEFB41}"
EndProject
Project("{9A19103F-16F7-4668-BE54-9A1E7A4F7556}") = "RecipeApp.Services.Data", "RecipeApp.Services.Data\RecipeApp.Services.Data.csproj", "{0BA24553-5A6A-457F-86C2-882073875B63}"
EndProject
Project("{9A19103F-16F7-4668-BE54-9A1E7A4F7556}") = "RecipeApp.Web.Infrastructure", "RecipeApp.Web.Infrastructure\RecipeApp.Web.Infrastructure.csproj", "{0CF87D97-D10A-40D6-B635-9FACC0801A57}"
EndProject
Project("{2150E333-8FDC-42A3-9474-1A3956D46DE8}") = "Tests", "Tests", "{81F87EE1-AF98-4EC3-875B-0CC5F30DE52C}"
EndProject
Project("{FAE04EC0-301F-11D3-BF4B-00C04F79EFBC}") = "RecipeApp.Services.Tests", "RecipeApp.Services.Tests\RecipeApp.Services.Tests.csproj", "{CD83E824-A9EB-4D81-B287-19C0E54C4DB2}"
EndProject
Global
	GlobalSection(SolutionConfigurationPlatforms) = preSolution
		Debug|Any CPU = Debug|Any CPU
		Release|Any CPU = Release|Any CPU
	EndGlobalSection
	GlobalSection(ProjectConfigurationPlatforms) = postSolution
		{11FB3E49-4D63-47E1-A5C1-7055ADC62FB8}.Debug|Any CPU.ActiveCfg = Debug|Any CPU
		{11FB3E49-4D63-47E1-A5C1-7055ADC62FB8}.Debug|Any CPU.Build.0 = Debug|Any CPU
		{11FB3E49-4D63-47E1-A5C1-7055ADC62FB8}.Release|Any CPU.ActiveCfg = Release|Any CPU
		{11FB3E49-4D63-47E1-A5C1-7055ADC62FB8}.Release|Any CPU.Build.0 = Release|Any CPU
		{23433E7C-2739-46F9-B362-D7820692DF59}.Debug|Any CPU.ActiveCfg = Debug|Any CPU
		{23433E7C-2739-46F9-B362-D7820692DF59}.Debug|Any CPU.Build.0 = Debug|Any CPU
		{23433E7C-2739-46F9-B362-D7820692DF59}.Release|Any CPU.ActiveCfg = Release|Any CPU
		{23433E7C-2739-46F9-B362-D7820692DF59}.Release|Any CPU.Build.0 = Release|Any CPU
		{5367E7B5-1C56-472F-AD68-8E3FEDE04B42}.Debug|Any CPU.ActiveCfg = Debug|Any CPU
		{5367E7B5-1C56-472F-AD68-8E3FEDE04B42}.Debug|Any CPU.Build.0 = Debug|Any CPU
		{5367E7B5-1C56-472F-AD68-8E3FEDE04B42}.Release|Any CPU.ActiveCfg = Release|Any CPU
		{5367E7B5-1C56-472F-AD68-8E3FEDE04B42}.Release|Any CPU.Build.0 = Release|Any CPU
		{37B10D8B-1AF9-4E84-90E6-B32FEBC45907}.Debug|Any CPU.ActiveCfg = Debug|Any CPU
		{37B10D8B-1AF9-4E84-90E6-B32FEBC45907}.Debug|Any CPU.Build.0 = Debug|Any CPU
		{37B10D8B-1AF9-4E84-90E6-B32FEBC45907}.Release|Any CPU.ActiveCfg = Release|Any CPU
		{37B10D8B-1AF9-4E84-90E6-B32FEBC45907}.Release|Any CPU.Build.0 = Release|Any CPU
		{AC80D44B-560C-4BC3-993E-B034CBA49508}.Debug|Any CPU.ActiveCfg = Debug|Any CPU
		{AC80D44B-560C-4BC3-993E-B034CBA49508}.Debug|Any CPU.Build.0 = Debug|Any CPU
		{AC80D44B-560C-4BC3-993E-B034CBA49508}.Release|Any CPU.ActiveCfg = Release|Any CPU
		{AC80D44B-560C-4BC3-993E-B034CBA49508}.Release|Any CPU.Build.0 = Release|Any CPU
		{0BA24553-5A6A-457F-86C2-882073875B63}.Debug|Any CPU.ActiveCfg = Debug|Any CPU
		{0BA24553-5A6A-457F-86C2-882073875B63}.Debug|Any CPU.Build.0 = Debug|Any CPU
		{0BA24553-5A6A-457F-86C2-882073875B63}.Release|Any CPU.ActiveCfg = Release|Any CPU
		{0BA24553-5A6A-457F-86C2-882073875B63}.Release|Any CPU.Build.0 = Release|Any CPU
		{0CF87D97-D10A-40D6-B635-9FACC0801A57}.Debug|Any CPU.ActiveCfg = Debug|Any CPU
		{0CF87D97-D10A-40D6-B635-9FACC0801A57}.Debug|Any CPU.Build.0 = Debug|Any CPU
		{0CF87D97-D10A-40D6-B635-9FACC0801A57}.Release|Any CPU.ActiveCfg = Release|Any CPU
		{0CF87D97-D10A-40D6-B635-9FACC0801A57}.Release|Any CPU.Build.0 = Release|Any CPU
		{CD83E824-A9EB-4D81-B287-19C0E54C4DB2}.Debug|Any CPU.ActiveCfg = Debug|Any CPU
		{CD83E824-A9EB-4D81-B287-19C0E54C4DB2}.Debug|Any CPU.Build.0 = Debug|Any CPU
		{CD83E824-A9EB-4D81-B287-19C0E54C4DB2}.Release|Any CPU.ActiveCfg = Release|Any CPU
		{CD83E824-A9EB-4D81-B287-19C0E54C4DB2}.Release|Any CPU.Build.0 = Release|Any CPU
	EndGlobalSection
	GlobalSection(SolutionProperties) = preSolution
		HideSolutionNode = FALSE
	EndGlobalSection
	GlobalSection(NestedProjects) = preSolution
		{11FB3E49-4D63-47E1-A5C1-7055ADC62FB8} = {13518C3B-6444-4531-BD58-2A5E0552CA8D}
		{23433E7C-2739-46F9-B362-D7820692DF59} = {13518C3B-6444-4531-BD58-2A5E0552CA8D}
		{37B10D8B-1AF9-4E84-90E6-B32FEBC45907} = {020B1453-DA16-4C56-96CD-EB09432A65B3}
		{AC80D44B-560C-4BC3-993E-B034CBA49508} = {020B1453-DA16-4C56-96CD-EB09432A65B3}
		{0BA24553-5A6A-457F-86C2-882073875B63} = {DB3B2D75-3676-4ED6-AA83-E5E101DEFB41}
		{0CF87D97-D10A-40D6-B635-9FACC0801A57} = {13518C3B-6444-4531-BD58-2A5E0552CA8D}
		{CD83E824-A9EB-4D81-B287-19C0E54C4DB2} = {81F87EE1-AF98-4EC3-875B-0CC5F30DE52C}
	EndGlobalSection
	GlobalSection(ExtensibilityGlobals) = postSolution
		SolutionGuid = {20C036E3-206D-4ABA-B623-F09E33273F4A}
	EndGlobalSection
EndGlobal
